
Microsoft Visual Studio Solution File, Format Version 12.00
# Visual Studio Version 17
VisualStudioVersion = 17.4.33103.184
MinimumVisualStudioVersion = 10.0.40219.1
Project("{9A19103F-16F7-4668-BE54-9A1E7A4F7556}") = "Projet_BICE.API", "Projet_BICE\Projet_BICE.API.csproj", "{E2268EEC-6A28-429A-9038-EC65281D9359}"
EndProject
Project("{9A19103F-16F7-4668-BE54-9A1E7A4F7556}") = "Projet_BICE.WPF", "Projet_BICE.WPF\Projet_BICE.WPF.csproj", "{345DC919-3ED8-4CBF-A23A-14983831EC01}"
EndProject
Project("{9A19103F-16F7-4668-BE54-9A1E7A4F7556}") = "BICE.BLL", "BLL\BICE.BLL.csproj", "{9852B3E1-8C61-44A0-8375-FE4C43A86C31}"
EndProject
Project("{9A19103F-16F7-4668-BE54-9A1E7A4F7556}") = "BICE.DAL", "materiel.DAL\BICE.DAL.csproj", "{64B0FDC4-AEE4-400D-ADCF-00C2CEEF28EC}"
EndProject
Project("{9A19103F-16F7-4668-BE54-9A1E7A4F7556}") = "BICE.DTO", "BICE.DTO\BICE.DTO.csproj", "{0A1978EB-8044-4691-A26E-DBDF0522C62A}"
EndProject
Project("{9A19103F-16F7-4668-BE54-9A1E7A4F7556}") = "BICE.SRV", "BICE.SRV\BICE.SRV.csproj", "{AAC60C98-6E31-4D8C-BFEA-A95B98DBEF09}"
EndProject
Project("{FAE04EC0-301F-11D3-BF4B-00C04F79EFBC}") = "BICE.DAL.test", "BICE.DAL.test\BICE.DAL.test.csproj", "{CDDC8DEF-D3A7-45F7-ABD3-B90CC8D809A5}"
EndProject
Global
	GlobalSection(SolutionConfigurationPlatforms) = preSolution
		Debug|Any CPU = Debug|Any CPU
		Release|Any CPU = Release|Any CPU
	EndGlobalSection
	GlobalSection(ProjectConfigurationPlatforms) = postSolution
		{E2268EEC-6A28-429A-9038-EC65281D9359}.Debug|Any CPU.ActiveCfg = Debug|Any CPU
		{E2268EEC-6A28-429A-9038-EC65281D9359}.Debug|Any CPU.Build.0 = Debug|Any CPU
		{E2268EEC-6A28-429A-9038-EC65281D9359}.Release|Any CPU.ActiveCfg = Release|Any CPU
		{E2268EEC-6A28-429A-9038-EC65281D9359}.Release|Any CPU.Build.0 = Release|Any CPU
		{345DC919-3ED8-4CBF-A23A-14983831EC01}.Debug|Any CPU.ActiveCfg = Debug|Any CPU
		{345DC919-3ED8-4CBF-A23A-14983831EC01}.Debug|Any CPU.Build.0 = Debug|Any CPU
		{345DC919-3ED8-4CBF-A23A-14983831EC01}.Release|Any CPU.ActiveCfg = Release|Any CPU
		{345DC919-3ED8-4CBF-A23A-14983831EC01}.Release|Any CPU.Build.0 = Release|Any CPU
		{9852B3E1-8C61-44A0-8375-FE4C43A86C31}.Debug|Any CPU.ActiveCfg = Debug|Any CPU
		{9852B3E1-8C61-44A0-8375-FE4C43A86C31}.Debug|Any CPU.Build.0 = Debug|Any CPU
		{9852B3E1-8C61-44A0-8375-FE4C43A86C31}.Release|Any CPU.ActiveCfg = Release|Any CPU
		{9852B3E1-8C61-44A0-8375-FE4C43A86C31}.Release|Any CPU.Build.0 = Release|Any CPU
		{64B0FDC4-AEE4-400D-ADCF-00C2CEEF28EC}.Debug|Any CPU.ActiveCfg = Debug|Any CPU
		{64B0FDC4-AEE4-400D-ADCF-00C2CEEF28EC}.Debug|Any CPU.Build.0 = Debug|Any CPU
		{64B0FDC4-AEE4-400D-ADCF-00C2CEEF28EC}.Release|Any CPU.ActiveCfg = Release|Any CPU
		{64B0FDC4-AEE4-400D-ADCF-00C2CEEF28EC}.Release|Any CPU.Build.0 = Release|Any CPU
		{0A1978EB-8044-4691-A26E-DBDF0522C62A}.Debug|Any CPU.ActiveCfg = Debug|Any CPU
		{0A1978EB-8044-4691-A26E-DBDF0522C62A}.Debug|Any CPU.Build.0 = Debug|Any CPU
		{0A1978EB-8044-4691-A26E-DBDF0522C62A}.Release|Any CPU.ActiveCfg = Release|Any CPU
		{0A1978EB-8044-4691-A26E-DBDF0522C62A}.Release|Any CPU.Build.0 = Release|Any CPU
		{AAC60C98-6E31-4D8C-BFEA-A95B98DBEF09}.Debug|Any CPU.ActiveCfg = Debug|Any CPU
		{AAC60C98-6E31-4D8C-BFEA-A95B98DBEF09}.Debug|Any CPU.Build.0 = Debug|Any CPU
		{AAC60C98-6E31-4D8C-BFEA-A95B98DBEF09}.Release|Any CPU.ActiveCfg = Release|Any CPU
		{AAC60C98-6E31-4D8C-BFEA-A95B98DBEF09}.Release|Any CPU.Build.0 = Release|Any CPU
		{CDDC8DEF-D3A7-45F7-ABD3-B90CC8D809A5}.Debug|Any CPU.ActiveCfg = Debug|Any CPU
		{CDDC8DEF-D3A7-45F7-ABD3-B90CC8D809A5}.Debug|Any CPU.Build.0 = Debug|Any CPU
		{CDDC8DEF-D3A7-45F7-ABD3-B90CC8D809A5}.Release|Any CPU.ActiveCfg = Release|Any CPU
		{CDDC8DEF-D3A7-45F7-ABD3-B90CC8D809A5}.Release|Any CPU.Build.0 = Release|Any CPU
	EndGlobalSection
	GlobalSection(SolutionProperties) = preSolution
		HideSolutionNode = FALSE
	EndGlobalSection
	GlobalSection(ExtensibilityGlobals) = postSolution
		SolutionGuid = {6919816A-55EC-436E-A266-1A443D9F5762}
	EndGlobalSection
EndGlobal
